
Microsoft Visual Studio Solution File, Format Version 12.00
# Visual Studio Version 17
VisualStudioVersion = 17.9.34616.47
MinimumVisualStudioVersion = 10.0.40219.1
Project("{FAE04EC0-301F-11D3-BF4B-00C04F79EFBC}") = "StreamlineAcademy.Api", "StreamlineAcademy.Api\StreamlineAcademy.Api.csproj", "{E6AEB90B-5367-4996-BC95-715032A12DC4}"
EndProject
Global
	GlobalSection(SolutionConfigurationPlatforms) = preSolution
		Debug|Any CPU = Debug|Any CPU
		Release|Any CPU = Release|Any CPU
	EndGlobalSection
	GlobalSection(ProjectConfigurationPlatforms) = postSolution
		{E6AEB90B-5367-4996-BC95-715032A12DC4}.Debug|Any CPU.ActiveCfg = Debug|Any CPU
		{E6AEB90B-5367-4996-BC95-715032A12DC4}.Debug|Any CPU.Build.0 = Debug|Any CPU
		{E6AEB90B-5367-4996-BC95-715032A12DC4}.Release|Any CPU.ActiveCfg = Release|Any CPU
		{E6AEB90B-5367-4996-BC95-715032A12DC4}.Release|Any CPU.Build.0 = Release|Any CPU
	EndGlobalSection
	GlobalSection(SolutionProperties) = preSolution
		HideSolutionNode = FALSE
	EndGlobalSection
	GlobalSection(ExtensibilityGlobals) = postSolution
		SolutionGuid = {7E95A696-4ACB-41AB-9F71-1163AFD09270}
	EndGlobalSection
EndGlobal
